
Microsoft Visual Studio Solution File, Format Version 12.00
# Visual Studio Version 17
VisualStudioVersion = 17.4.33213.308
MinimumVisualStudioVersion = 10.0.40219.1
Project("{888888A0-9F3D-457C-B088-3A5042F75D52}") = "f(x)=x^2", "f(x)=x^2\f(x)=x^2.pyproj", "{74EE1D1D-C8F3-45C9-BAE9-4729F52337F2}"
EndProject
Global
	GlobalSection(SolutionConfigurationPlatforms) = preSolution
		Debug|Any CPU = Debug|Any CPU
		Release|Any CPU = Release|Any CPU
	EndGlobalSection
	GlobalSection(ProjectConfigurationPlatforms) = postSolution
		{74EE1D1D-C8F3-45C9-BAE9-4729F52337F2}.Debug|Any CPU.ActiveCfg = Debug|Any CPU
		{74EE1D1D-C8F3-45C9-BAE9-4729F52337F2}.Release|Any CPU.ActiveCfg = Release|Any CPU
	EndGlobalSection
	GlobalSection(SolutionProperties) = preSolution
		HideSolutionNode = FALSE
	EndGlobalSection
	GlobalSection(ExtensibilityGlobals) = postSolution
		SolutionGuid = {97691012-8C86-4C48-9B4B-CF993DF12580}
	EndGlobalSection
EndGlobal
